<?xml version="1.0" encoding="utf-8"?>
<Project ToolsVersion="4.0" xmlns="http://schemas.microsoft.com/developer/msbuild/2003">
  <ItemGroup>
    <Filter Include="Window">
      <UniqueIdentifier>{93995380-89BD-4b04-88EB-625FBE52EBFB}</UniqueIdentifier>
      <Extensions>h;hh;hpp;hxx;hm;inl;inc;ipp;xsd</Extensions>
    </Filter>
    <Filter Include="Main">
      <UniqueIdentifier>{67DA6AB6-F800-4c08-8B7A-83BB121AAD01}</UniqueIdentifier>
      <Extensions>rc;ico;cur;bmp;dlg;rc2;rct;bin;rgs;gif;jpg;jpeg;jpe;resx;tiff;tif;png;wav;mfcribbon-ms</Extensions>
    </Filter>
    <Filter Include="Device">
      <UniqueIdentifier>{e9473182-a96e-4e00-ae58-a2775af4d533}</UniqueIdentifier>
    </Filter>
    <Filter Include="Graphic">
      <UniqueIdentifier>{bf7d9fc2-44ff-4186-8354-7df3f7ada9c5}</UniqueIdentifier>
    </Filter>
    <Filter Include="TextureInformation">
      <UniqueIdentifier>{4FC737F1-C7A5-4376-A066-2A32D752A2FF}</UniqueIdentifier>
      <Extensions>cpp;c;cc;cxx;def;odl;idl;hpj;bat;asm;asmx</Extensions>
    </Filter>
  </ItemGroup>
  <ItemGroup>
    <ClInclude Include="Winodw\Window.h">
      <Filter>Window</Filter>
    </ClInclude>
    <ClInclude Include="Device\Device.h">
      <Filter>Device</Filter>
    </ClInclude>
    <ClInclude Include="Graphic\Graphic.h">
      <Filter>Graphic</Filter>
    </ClInclude>
    <ClInclude Include="TextureInformation\Position.h">
      <Filter>TextureInformation</Filter>
    </ClInclude>
    <ClInclude Include="TextureInformation\Uv.h">
      <Filter>TextureInformation</Filter>
    </ClInclude>
    <ClInclude Include="TextureInformation\RectSize.h">
      <Filter>TextureInformation</Filter>
    </ClInclude>
  </ItemGroup>
  <ItemGroup>
    <ClCompile Include="Main\Main.cpp">
      <Filter>Main</Filter>
    </ClCompile>
    <ClCompile Include="Winodw\Window.cpp">
      <Filter>Window</Filter>
    </ClCompile>
    <ClCompile Include="Device\Device.cpp">
      <Filter>Device</Filter>
    </ClCompile>
    <ClCompile Include="Graphic\Graphic.cpp">
      <Filter>Graphic</Filter>
    </ClCompile>
  </ItemGroup>
</Project>